
Microsoft Visual Studio Solution File, Format Version 12.00
Project("{FAE04EC0-301F-11D3-BF4B-00C04F79EFBC}") = "MY-ATM-APP", "MY-ATM-APP\MY-ATM-APP.csproj", "{4A368C7C-EDF2-46F8-88CB-BEC6CB4AFACA}"
EndProject
Global
	GlobalSection(SolutionConfigurationPlatforms) = preSolution
		Debug|Any CPU = Debug|Any CPU
		Release|Any CPU = Release|Any CPU
	EndGlobalSection
	GlobalSection(ProjectConfigurationPlatforms) = postSolution
		{4A368C7C-EDF2-46F8-88CB-BEC6CB4AFACA}.Debug|Any CPU.ActiveCfg = Debug|Any CPU
		{4A368C7C-EDF2-46F8-88CB-BEC6CB4AFACA}.Debug|Any CPU.Build.0 = Debug|Any CPU
		{4A368C7C-EDF2-46F8-88CB-BEC6CB4AFACA}.Release|Any CPU.ActiveCfg = Release|Any CPU
		{4A368C7C-EDF2-46F8-88CB-BEC6CB4AFACA}.Release|Any CPU.Build.0 = Release|Any CPU
	EndGlobalSection
EndGlobal
