
Microsoft Visual Studio Solution File, Format Version 12.00
# Visual Studio Version 17
VisualStudioVersion = 17.3.32929.385
MinimumVisualStudioVersion = 10.0.40219.1
Project("{FAE04EC0-301F-11D3-BF4B-00C04F79EFBC}") = "MyATM", "MyATM.csproj", "{3E8FC99D-F957-4EF5-97DD-ECAE6BD7C97F}"
EndProject
Global
	GlobalSection(SolutionConfigurationPlatforms) = preSolution
		Debug|Any CPU = Debug|Any CPU
		Release|Any CPU = Release|Any CPU
	EndGlobalSection
	GlobalSection(ProjectConfigurationPlatforms) = postSolution
		{3E8FC99D-F957-4EF5-97DD-ECAE6BD7C97F}.Debug|Any CPU.ActiveCfg = Debug|Any CPU
		{3E8FC99D-F957-4EF5-97DD-ECAE6BD7C97F}.Debug|Any CPU.Build.0 = Debug|Any CPU
		{3E8FC99D-F957-4EF5-97DD-ECAE6BD7C97F}.Release|Any CPU.ActiveCfg = Release|Any CPU
		{3E8FC99D-F957-4EF5-97DD-ECAE6BD7C97F}.Release|Any CPU.Build.0 = Release|Any CPU
	EndGlobalSection
	GlobalSection(SolutionProperties) = preSolution
		HideSolutionNode = FALSE
	EndGlobalSection
	GlobalSection(ExtensibilityGlobals) = postSolution
		SolutionGuid = {0687BFF4-A377-4081-B660-7B3AA88C9A46}
	EndGlobalSection
EndGlobal
