
Microsoft Visual Studio Solution File, Format Version 12.00
Project("{FAE04EC0-301F-11D3-BF4B-00C04F79EFBC}") = "Pomo", "Pomo\Pomo.csproj", "{4C6B8FFB-F001-4652-A4EA-72EA8F77689A}"
EndProject
Global
	GlobalSection(SolutionConfigurationPlatforms) = preSolution
		Debug|Any CPU = Debug|Any CPU
		Release|Any CPU = Release|Any CPU
	EndGlobalSection
	GlobalSection(ProjectConfigurationPlatforms) = postSolution
		{4C6B8FFB-F001-4652-A4EA-72EA8F77689A}.Debug|Any CPU.ActiveCfg = Debug|Any CPU
		{4C6B8FFB-F001-4652-A4EA-72EA8F77689A}.Debug|Any CPU.Build.0 = Debug|Any CPU
		{4C6B8FFB-F001-4652-A4EA-72EA8F77689A}.Release|Any CPU.ActiveCfg = Release|Any CPU
		{4C6B8FFB-F001-4652-A4EA-72EA8F77689A}.Release|Any CPU.Build.0 = Release|Any CPU
	EndGlobalSection
EndGlobal
